
Microsoft Visual Studio Solution File, Format Version 12.00
# Visual Studio 15
VisualStudioVersion = 15.0.27004.2010
MinimumVisualStudioVersion = 10.0.40219.1
Project("{9A19103F-16F7-4668-BE54-9A1E7A4F7556}") = "UdemyDownloader", "src\UdemyDownloader\UdemyDownloader.csproj", "{747B3015-0EB5-4010-A088-2DB039181BB3}"
EndProject
Project("{E53339B2-1760-4266-BCC7-CA923CBCF16C}") = "docker-compose", "docker-compose.dcproj", "{233C2196-0D3A-428D-A73F-A980B52A0DD7}"
EndProject
Global
	GlobalSection(SolutionConfigurationPlatforms) = preSolution
		Debug|Any CPU = Debug|Any CPU
		Release|Any CPU = Release|Any CPU
	EndGlobalSection
	GlobalSection(ProjectConfigurationPlatforms) = postSolution
		{747B3015-0EB5-4010-A088-2DB039181BB3}.Debug|Any CPU.ActiveCfg = Debug|Any CPU
		{747B3015-0EB5-4010-A088-2DB039181BB3}.Debug|Any CPU.Build.0 = Debug|Any CPU
		{747B3015-0EB5-4010-A088-2DB039181BB3}.Release|Any CPU.ActiveCfg = Release|Any CPU
		{747B3015-0EB5-4010-A088-2DB039181BB3}.Release|Any CPU.Build.0 = Release|Any CPU
		{233C2196-0D3A-428D-A73F-A980B52A0DD7}.Debug|Any CPU.ActiveCfg = Debug|Any CPU
		{233C2196-0D3A-428D-A73F-A980B52A0DD7}.Debug|Any CPU.Build.0 = Debug|Any CPU
		{233C2196-0D3A-428D-A73F-A980B52A0DD7}.Release|Any CPU.ActiveCfg = Release|Any CPU
		{233C2196-0D3A-428D-A73F-A980B52A0DD7}.Release|Any CPU.Build.0 = Release|Any CPU
	EndGlobalSection
	GlobalSection(SolutionProperties) = preSolution
		HideSolutionNode = FALSE
	EndGlobalSection
	GlobalSection(ExtensibilityGlobals) = postSolution
		SolutionGuid = {0B306BE1-4DF9-40A1-91BD-5BF91E46CBD2}
	EndGlobalSection
EndGlobal
